
Microsoft Visual Studio Solution File, Format Version 12.00
# Visual Studio Version 16
VisualStudioVersion = 16.0.29215.179
MinimumVisualStudioVersion = 10.0.40219.1
Project("{FAE04EC0-301F-11D3-BF4B-00C04F79EFBC}") = "Class_Pets_OOP", "Class_Pets_OOP\Class_Pets_OOP.csproj", "{1970ADAC-907B-4A35-ADAC-243FE9031922}"
EndProject
Global
	GlobalSection(SolutionConfigurationPlatforms) = preSolution
		Debug|Any CPU = Debug|Any CPU
		Release|Any CPU = Release|Any CPU
	EndGlobalSection
	GlobalSection(ProjectConfigurationPlatforms) = postSolution
		{1970ADAC-907B-4A35-ADAC-243FE9031922}.Debug|Any CPU.ActiveCfg = Debug|Any CPU
		{1970ADAC-907B-4A35-ADAC-243FE9031922}.Debug|Any CPU.Build.0 = Debug|Any CPU
		{1970ADAC-907B-4A35-ADAC-243FE9031922}.Release|Any CPU.ActiveCfg = Release|Any CPU
		{1970ADAC-907B-4A35-ADAC-243FE9031922}.Release|Any CPU.Build.0 = Release|Any CPU
	EndGlobalSection
	GlobalSection(SolutionProperties) = preSolution
		HideSolutionNode = FALSE
	EndGlobalSection
	GlobalSection(ExtensibilityGlobals) = postSolution
		SolutionGuid = {B8BDAF79-215B-44DE-9B81-0C671DD1096A}
	EndGlobalSection
EndGlobal
